
Microsoft Visual Studio Solution File, Format Version 12.00
# Visual Studio Version 17
VisualStudioVersion = 17.0.32126.317
MinimumVisualStudioVersion = 10.0.40219.1
Project("{9A19103F-16F7-4668-BE54-9A1E7A4F7556}") = "UniAPI", "UniAPI\UniAPI.csproj", "{0950B5A0-75BD-4753-8432-1F19926D001B}"
EndProject
Global
	GlobalSection(SolutionConfigurationPlatforms) = preSolution
		Debug|Any CPU = Debug|Any CPU
		Release|Any CPU = Release|Any CPU
	EndGlobalSection
	GlobalSection(ProjectConfigurationPlatforms) = postSolution
		{0950B5A0-75BD-4753-8432-1F19926D001B}.Debug|Any CPU.ActiveCfg = Debug|Any CPU
		{0950B5A0-75BD-4753-8432-1F19926D001B}.Debug|Any CPU.Build.0 = Debug|Any CPU
		{0950B5A0-75BD-4753-8432-1F19926D001B}.Release|Any CPU.ActiveCfg = Release|Any CPU
		{0950B5A0-75BD-4753-8432-1F19926D001B}.Release|Any CPU.Build.0 = Release|Any CPU
	EndGlobalSection
	GlobalSection(SolutionProperties) = preSolution
		HideSolutionNode = FALSE
	EndGlobalSection
	GlobalSection(ExtensibilityGlobals) = postSolution
		SolutionGuid = {84AC79E3-296E-4FC6-811B-002961A82220}
	EndGlobalSection
EndGlobal
